Microsoft Visual Studio Solution File, Format Version 12.00
# Visual Studio 2012
Project("{FAE04EC0-301F-11D3-BF4B-00C04F79EFBC}") = "Fear of Light", "Fear of Light.csproj", "{507DE32F-04AA-46BC-BEC4-BF76EE1CF1E6}"
EndProject
Global
	GlobalSection(SolutionConfigurationPlatforms) = preSolution
	Debug|Any CPU = Debug|Any CPU
	ExportDebug|Any CPU = ExportDebug|Any CPU
	ExportRelease|Any CPU = ExportRelease|Any CPU
	EndGlobalSection
	GlobalSection(ProjectConfigurationPlatforms) = postSolution
		{507DE32F-04AA-46BC-BEC4-BF76EE1CF1E6}.Debug|Any CPU.ActiveCfg = Debug|Any CPU
		{507DE32F-04AA-46BC-BEC4-BF76EE1CF1E6}.Debug|Any CPU.Build.0 = Debug|Any CPU
		{507DE32F-04AA-46BC-BEC4-BF76EE1CF1E6}.ExportDebug|Any CPU.ActiveCfg = ExportDebug|Any CPU
		{507DE32F-04AA-46BC-BEC4-BF76EE1CF1E6}.ExportDebug|Any CPU.Build.0 = ExportDebug|Any CPU
		{507DE32F-04AA-46BC-BEC4-BF76EE1CF1E6}.ExportRelease|Any CPU.ActiveCfg = ExportRelease|Any CPU
		{507DE32F-04AA-46BC-BEC4-BF76EE1CF1E6}.ExportRelease|Any CPU.Build.0 = ExportRelease|Any CPU
	EndGlobalSection
EndGlobal
